
Microsoft Visual Studio Solution File, Format Version 12.00
# Visual Studio 15
VisualStudioVersion = 15.0.28010.2041
MinimumVisualStudioVersion = 10.0.40219.1
Project("{FAE04EC0-301F-11D3-BF4B-00C04F79EFBC}") = "calculator", "calculator\calculator.csproj", "{E17B5A4A-0838-4BED-8621-9E9FD5B37022}"
EndProject
Global
	GlobalSection(SolutionConfigurationPlatforms) = preSolution
		Debug|Any CPU = Debug|Any CPU
		Release|Any CPU = Release|Any CPU
	EndGlobalSection
	GlobalSection(ProjectConfigurationPlatforms) = postSolution
		{E17B5A4A-0838-4BED-8621-9E9FD5B37022}.Debug|Any CPU.ActiveCfg = Debug|Any CPU
		{E17B5A4A-0838-4BED-8621-9E9FD5B37022}.Debug|Any CPU.Build.0 = Debug|Any CPU
		{E17B5A4A-0838-4BED-8621-9E9FD5B37022}.Release|Any CPU.ActiveCfg = Release|Any CPU
		{E17B5A4A-0838-4BED-8621-9E9FD5B37022}.Release|Any CPU.Build.0 = Release|Any CPU
	EndGlobalSection
	GlobalSection(SolutionProperties) = preSolution
		HideSolutionNode = FALSE
	EndGlobalSection
	GlobalSection(ExtensibilityGlobals) = postSolution
		SolutionGuid = {A9071162-5521-4759-BC50-E5C7D089C736}
	EndGlobalSection
EndGlobal
